PODS:
  - Flutter (1.0.0)
  - FlutterPluginRegistrant (0.0.1):
    - Flutter
  - module_flutter (0.0.1):
    - Flutter

DEPENDENCIES:
  - Flutter (from `module_flutter/.ios/Flutter/engine`)
  - FlutterPluginRegistrant (from `module_flutter/.ios/Flutter/FlutterPluginRegistrant`)
  - module_flutter (from `module_flutter/.ios/Flutter`)

EXTERNAL SOURCES:
  Flutter:
    :path: module_flutter/.ios/Flutter/engine
  FlutterPluginRegistrant:
    :path: module_flutter/.ios/Flutter/FlutterPluginRegistrant
  module_flutter:
    :path: module_flutter/.ios/Flutter

SPEC CHECKSUMS:
  Flutter: ac41d61a47ae5bf8195a5598d2d63754888ec0d5
  FlutterPluginRegistrant: 2afd5ea46d3a949472c9b7da6462d8fbf7d8b16e
  module_flutter: 9be06766d3fbb62f68e7b514b752334a9e3f2636

PODFILE CHECKSUM: ce4add1deb63e90905a441f52c44e421ff941477

COCOAPODS: 1.9.3
