// !$*UTF8*$!
{
	archiveVersion = 1;
	classes = {
	};
	objectVersion = 50;
	objects = {

/* Begin PBXBuildFile section */
		844FB12326E3554F000CC7C8 /* AppDelegate.swift in Sources */ = {isa = PBXBuildFile; fileRef = 844FB12226E3554F000CC7C8 /* AppDelegate.swift */; };
		844FB12526E3554F000CC7C8 /* SceneDelegate.swift in Sources */ = {isa = PBXBuildFile; fileRef = 844FB12426E3554F000CC7C8 /* SceneDelegate.swift */; };
		844FB12726E3554F000CC7C8 /* ViewController.swift in Sources */ = {isa = PBXBuildFile; fileRef = 844FB12626E3554F000CC7C8 /* ViewController.swift */; };
		844FB12A26E3554F000CC7C8 /* Main.storyboard in Resources */ = {isa = PBXBuildFile; fileRef = 844FB12826E3554F000CC7C8 /* Main.storyboard */; };
		844FB12C26E35551000CC7C8 /* Assets.xcassets in Resources */ = {isa = PBXBuildFile; fileRef = 844FB12B26E35551000CC7C8 /* Assets.xcassets */; };
		844FB12F26E35551000CC7C8 /* LaunchScreen.storyboard in Resources */ = {isa = PBXBuildFile; fileRef = 844FB12D26E35551000CC7C8 /* LaunchScreen.storyboard */; };
		9198D37B3C6785FA9A4455AC /* Pods_Native_iOS.framework in Frameworks */ = {isa = PBXBuildFile; fileRef = 6E22EC0BB56884BE04B371FF /* Pods_Native_iOS.framework */; };
/* End PBXBuildFile section */

/* Begin PBXFileReference section */
		48161F60B5761AE54288200A /* Pods-Native_iOS.debug.xcconfig */ = {isa = PBXFileReference; includeInIndex = 1; lastKnownFileType = text.xcconfig; name = "Pods-Native_iOS.debug.xcconfig"; path = "Target Support Files/Pods-Native_iOS/Pods-Native_iOS.debug.xcconfig"; sourceTree = "<group>"; };
		6E22EC0BB56884BE04B371FF /* Pods_Native_iOS.framework */ = {isa = PBXFileReference; explicitFileType = wrapper.framework; includeInIndex = 0; path = Pods_Native_iOS.framework; sourceTree = BUILT_PRODUCTS_DIR; };
		844FB11F26E3554F000CC7C8 /* Native_iOS.app */ = {isa = PBXFileReference; explicitFileType = wrapper.application; includeInIndex = 0; path = Native_iOS.app; sourceTree = BUILT_PRODUCTS_DIR; };
		844FB12226E3554F000CC7C8 /* AppDelegate.swift */ = {isa = PBXFileReference; lastKnownFileType = sourcecode.swift; path = AppDelegate.swift; sourceTree = "<group>"; };
		844FB12426E3554F000CC7C8 /* SceneDelegate.swift */ = {isa = PBXFileReference; lastKnownFileType = sourcecode.swift; path = SceneDelegate.swift; sourceTree = "<group>"; };
		844FB12626E3554F000CC7C8 /* ViewController.swift */ = {isa = PBXFileReference; lastKnownFileType = sourcecode.swift; path = ViewController.swift; sourceTree = "<group>"; };
		844FB12926E3554F000CC7C8 /* Base */ = {isa = PBXFileReference; lastKnownFileType = file.storyboard; name = Base; path = Base.lproj/Main.storyboard; sourceTree = "<group>"; };
		844FB12B26E35551000CC7C8 /* Assets.xcassets */ = {isa = PBXFileReference; lastKnownFileType = folder.assetcatalog; path = Assets.xcassets; sourceTree = "<group>"; };
		844FB12E26E35551000CC7C8 /* Base */ = {isa = PBXFileReference; lastKnownFileType = file.storyboard; name = Base; path = Base.lproj/LaunchScreen.storyboard; sourceTree = "<group>"; };
		844FB13026E35551000CC7C8 /* Info.plist */ = {isa = PBXFileReference; lastKnownFileType = text.plist.xml; path = Info.plist; sourceTree = "<group>"; };
		9D0AB92BA67D29D48B213494 /* Pods-Native_iOS.release.xcconfig */ = {isa = PBXFileReference; includeInIndex = 1; lastKnownFileType = text.xcconfig; name = "Pods-Native_iOS.release.xcconfig"; path = "Target Support Files/Pods-Native_iOS/Pods-Native_iOS.release.xcconfig"; sourceTree = "<group>"; };
/* End PBXFileReference section */

/* Begin PBXFrameworksBuildPhase section */
		844FB11C26E3554F000CC7C8 /* Frameworks */ = {
			isa = PBXFrameworksBuildPhase;
			buildActionMask = 2147483647;
			files = (
				9198D37B3C6785FA9A4455AC /* Pods_Native_iOS.framework in Frameworks */,
			);
			runOnlyForDeploymentPostprocessing = 0;
		};
/* End PBXFrameworksBuildPhase section */

/* Begin PBXGroup section */
		167D22431581F1897F53D5D9 /* Pods */ = {
			isa = PBXGroup;
			children = (
				48161F60B5761AE54288200A /* Pods-Native_iOS.debug.xcconfig */,
				9D0AB92BA67D29D48B213494 /* Pods-Native_iOS.release.xcconfig */,
			);
			name = Pods;
			path = Pods;
			sourceTree = "<group>";
		};
		7E83FB8381407F3CAE65A02E /* Frameworks */ = {
			isa = PBXGroup;
			children = (
				6E22EC0BB56884BE04B371FF /* Pods_Native_iOS.framework */,
			);
			name = Frameworks;
			sourceTree = "<group>";
		};
		844FB11626E3554F000CC7C8 = {
			isa = PBXGroup;
			children = (
				844FB12126E3554F000CC7C8 /* Native_iOS */,
				844FB12026E3554F000CC7C8 /* Products */,
				167D22431581F1897F53D5D9 /* Pods */,
				7E83FB8381407F3CAE65A02E /* Frameworks */,
			);
			sourceTree = "<group>";
		};
		844FB12026E3554F000CC7C8 /* Products */ = {
			isa = PBXGroup;
			children = (
				844FB11F26E3554F000CC7C8 /* Native_iOS.app */,
			);
			name = Products;
			sourceTree = "<group>";
		};
		844FB12126E3554F000CC7C8 /* Native_iOS */ = {
			isa = PBXGroup;
			children = (
				844FB12226E3554F000CC7C8 /* AppDelegate.swift */,
				844FB12426E3554F000CC7C8 /* SceneDelegate.swift */,
				844FB12626E3554F000CC7C8 /* ViewController.swift */,
				844FB12826E3554F000CC7C8 /* Main.storyboard */,
				844FB12B26E35551000CC7C8 /* Assets.xcassets */,
				844FB12D26E35551000CC7C8 /* LaunchScreen.storyboard */,
				844FB13026E35551000CC7C8 /* Info.plist */,
			);
			path = Native_iOS;
			sourceTree = "<group>";
		};
/* End PBXGroup section */

/* Begin PBXNativeTarget section */
		844FB11E26E3554F000CC7C8 /* Native_iOS */ = {
			isa = PBXNativeTarget;
			buildConfigurationList = 844FB13326E35551000CC7C8 /* Build configuration list for PBXNativeTarget "Native_iOS" */;
			buildPhases = (
				F837C9C8BF8D9819784D2946 /* [CP] Check Pods Manifest.lock */,
				F2F910F4774DE9008B5AD71B /* [CP] Prepare Artifacts */,
				7E654B9CEE2B4B6417DDE238 /* [CP-User] Run Flutter Build module_flutter Script */,
				844FB11B26E3554F000CC7C8 /* Sources */,
				844FB11C26E3554F000CC7C8 /* Frameworks */,
				844FB11D26E3554F000CC7C8 /* Resources */,
				0D58D8009E8F0B9924FB847E /* [CP] Embed Pods Frameworks */,
			);
			buildRules = (
			);
			dependencies = (
			);
			name = Native_iOS;
			productName = Native_iOS;
			productReference = 844FB11F26E3554F000CC7C8 /* Native_iOS.app */;
			productType = "com.apple.product-type.application";
		};
/* End PBXNativeTarget section */

/* Begin PBXProject section */
		844FB11726E3554F000CC7C8 /* Project object */ = {
			isa = PBXProject;
			attributes = {
				LastSwiftUpdateCheck = 1230;
				LastUpgradeCheck = 1230;
				TargetAttributes = {
					844FB11E26E3554F000CC7C8 = {
						CreatedOnToolsVersion = 12.3;
					};
				};
			};
			buildConfigurationList = 844FB11A26E3554F000CC7C8 /* Build configuration list for PBXProject "Native_iOS" */;
			compatibilityVersion = "Xcode 9.3";
			developmentRegion = en;
			hasScannedForEncodings = 0;
			knownRegions = (
				en,
				Base,
			);
			mainGroup = 844FB11626E3554F000CC7C8;
			productRefGroup = 844FB12026E3554F000CC7C8 /* Products */;
			projectDirPath = "";
			projectRoot = "";
			targets = (
				844FB11E26E3554F000CC7C8 /* Native_iOS */,
			);
		};
/* End PBXProject section */

/* Begin PBXResourcesBuildPhase section */
		844FB11D26E3554F000CC7C8 /* Resources */ = {
			isa = PBXResourcesBuildPhase;
			buildActionMask = 2147483647;
			files = (
				844FB12F26E35551000CC7C8 /* LaunchScreen.storyboard in Resources */,
				844FB12C26E35551000CC7C8 /* Assets.xcassets in Resources */,
				844FB12A26E3554F000CC7C8 /* Main.storyboard in Resources */,
			);
			runOnlyForDeploymentPostprocessing = 0;
		};
/* End PBXResourcesBuildPhase section */

/* Begin PBXShellScriptBuildPhase section */
		0D58D8009E8F0B9924FB847E /* [CP] Embed Pods Frameworks */ = {
			isa = PBXShellScriptBuildPhase;
			buildActionMask = 2147483647;
			files = (
			);
			inputFileListPaths = (
				"${PODS_ROOT}/Target Support Files/Pods-Native_iOS/Pods-Native_iOS-frameworks-${CONFIGURATION}-input-files.xcfilelist",
			);
			name = "[CP] Embed Pods Frameworks";
			outputFileListPaths = (
				"${PODS_ROOT}/Target Support Files/Pods-Native_iOS/Pods-Native_iOS-frameworks-${CONFIGURATION}-output-files.xcfilelist",
			);
			runOnlyForDeploymentPostprocessing = 0;
			shellPath = /bin/sh;
			shellScript = "\"${PODS_ROOT}/Target Support Files/Pods-Native_iOS/Pods-Native_iOS-frameworks.sh\"\n";
			showEnvVarsInLog = 0;
		};
		7E654B9CEE2B4B6417DDE238 /* [CP-User] Run Flutter Build module_flutter Script */ = {
			isa = PBXShellScriptBuildPhase;
			buildActionMask = 2147483647;
			files = (
			);
			name = "[CP-User] Run Flutter Build module_flutter Script";
			runOnlyForDeploymentPostprocessing = 0;
			shellPath = /bin/sh;
			shellScript = "set -e\nset -u\nsource \"${SRCROOT}/module_flutter/.ios/Flutter/flutter_export_environment.sh\"\nexport VERBOSE_SCRIPT_LOGGING=1 && \"$FLUTTER_ROOT\"/packages/flutter_tools/bin/xcode_backend.sh build";
		};
		F2F910F4774DE9008B5AD71B /* [CP] Prepare Artifacts */ = {
			isa = PBXShellScriptBuildPhase;
			buildActionMask = 2147483647;
			files = (
			);
			inputFileListPaths = (
				"${PODS_ROOT}/Target Support Files/Pods-Native_iOS/Pods-Native_iOS-artifacts-${CONFIGURATION}-input-files.xcfilelist",
			);
			name = "[CP] Prepare Artifacts";
			outputFileListPaths = (
				"${PODS_ROOT}/Target Support Files/Pods-Native_iOS/Pods-Native_iOS-artifacts-${CONFIGURATION}-output-files.xcfilelist",
			);
			runOnlyForDeploymentPostprocessing = 0;
			shellPath = /bin/sh;
			shellScript = "\"${PODS_ROOT}/Target Support Files/Pods-Native_iOS/Pods-Native_iOS-artifacts.sh\"\n";
			showEnvVarsInLog = 0;
		};
		F837C9C8BF8D9819784D2946 /* [CP] Check Pods Manifest.lock */ = {
			isa = PBXShellScriptBuildPhase;
			buildActionMask = 2147483647;
			files = (
			);
			inputFileListPaths = (
			);
			inputPaths = (
				"${PODS_PODFILE_DIR_PATH}/Podfile.lock",
				"${PODS_ROOT}/Manifest.lock",
			);
			name = "[CP] Check Pods Manifest.lock";
			outputFileListPaths = (
			);
			outputPaths = (
				"$(DERIVED_FILE_DIR)/Pods-Native_iOS-checkManifestLockResult.txt",
			);
			runOnlyForDeploymentPostprocessing = 0;
			shellPath = /bin/sh;
			shellScript = "diff \"${PODS_PODFILE_DIR_PATH}/Podfile.lock\" \"${PODS_ROOT}/Manifest.lock\" > /dev/null\nif [ $? != 0 ] ; then\n    # print error to STDERR\n    echo \"error: The sandbox is not in sync with the Podfile.lock. Run 'pod install' or update your CocoaPods installation.\" >&2\n    exit 1\nfi\n# This output is used by Xcode 'outputs' to avoid re-running this script phase.\necho \"SUCCESS\" > \"${SCRIPT_OUTPUT_FILE_0}\"\n";
			showEnvVarsInLog = 0;
		};
/* End PBXShellScriptBuildPhase section */

/* Begin PBXSourcesBuildPhase section */
		844FB11B26E3554F000CC7C8 /* Sources */ = {
			isa = PBXSourcesBuildPhase;
			buildActionMask = 2147483647;
			files = (
				844FB12726E3554F000CC7C8 /* ViewController.swift in Sources */,
				844FB12326E3554F000CC7C8 /* AppDelegate.swift in Sources */,
				844FB12526E3554F000CC7C8 /* SceneDelegate.swift in Sources */,
			);
			runOnlyForDeploymentPostprocessing = 0;
		};
/* End PBXSourcesBuildPhase section */

/* Begin PBXVariantGroup section */
		844FB12826E3554F000CC7C8 /* Main.storyboard */ = {
			isa = PBXVariantGroup;
			children = (
				844FB12926E3554F000CC7C8 /* Base */,
			);
			name = Main.storyboard;
			sourceTree = "<group>";
		};
		844FB12D26E35551000CC7C8 /* LaunchScreen.storyboard */ = {
			isa = PBXVariantGroup;
			children = (
				844FB12E26E35551000CC7C8 /* Base */,
			);
			name = LaunchScreen.storyboard;
			sourceTree = "<group>";
		};
/* End PBXVariantGroup section */

/* Begin XCBuildConfiguration section */
		844FB13126E35551000CC7C8 /* Debug */ = {
			isa = XCBuildConfiguration;
			buildSettings = {
				ALWAYS_SEARCH_USER_PATHS = NO;
				CLANG_ANALYZER_NONNULL = YES;
				CLANG_ANALYZER_NUMBER_OBJECT_CONVERSION = YES_AGGRESSIVE;
				CLANG_CXX_LANGUAGE_STANDARD = "gnu++14";
				CLANG_CXX_LIBRARY = "libc++";
				CLANG_ENABLE_MODULES = YES;
				CLANG_ENABLE_OBJC_ARC = YES;
				CLANG_ENABLE_OBJC_WEAK = YES;
				CLANG_WARN_BLOCK_CAPTURE_AUTORELEASING = YES;
				CLANG_WARN_BOOL_CONVERSION = YES;
				CLANG_WARN_COMMA = YES;
				CLANG_WARN_CONSTANT_CONVERSION = YES;
				CLANG_WARN_DEPRECATED_OBJC_IMPLEMENTATIONS = YES;
				CLANG_WARN_DIRECT_OBJC_ISA_USAGE = YES_ERROR;
				CLANG_WARN_DOCUMENTATION_COMMENTS = YES;
				CLANG_WARN_EMPTY_BODY = YES;
				CLANG_WARN_ENUM_CONVERSION = YES;
				CLANG_WARN_INFINITE_RECURSION = YES;
				CLANG_WARN_INT_CONVERSION = YES;
				CLANG_WARN_NON_LITERAL_NULL_CONVERSION = YES;
				CLANG_WARN_OBJC_IMPLICIT_RETAIN_SELF = YES;
				CLANG_WARN_OBJC_LITERAL_CONVERSION = YES;
				CLANG_WARN_OBJC_ROOT_CLASS = YES_ERROR;
				CLANG_WARN_QUOTED_INCLUDE_IN_FRAMEWORK_HEADER = YES;
				CLANG_WARN_RANGE_LOOP_ANALYSIS = YES;
				CLANG_WARN_STRICT_PROTOTYPES = YES;
				CLANG_WARN_SUSPICIOUS_MOVE = YES;
				CLANG_WARN_UNGUARDED_AVAILABILITY = YES_AGGRESSIVE;
				CLANG_WARN_UNREACHABLE_CODE = YES;
				CLANG_WARN__DUPLICATE_METHOD_MATCH = YES;
				COPY_PHASE_STRIP = NO;
				DEBUG_INFORMATION_FORMAT = dwarf;
				ENABLE_STRICT_OBJC_MSGSEND = YES;
				ENABLE_TESTABILITY = YES;
				GCC_C_LANGUAGE_STANDARD = gnu11;
				GCC_DYNAMIC_NO_PIC = NO;
				GCC_NO_COMMON_BLOCKS = YES;
				GCC_OPTIMIZATION_LEVEL = 0;
				GCC_PREPROCESSOR_DEFINITIONS = (
					"DEBUG=1",
					"$(inherited)",
				);
				GCC_WARN_64_TO_32_BIT_CONVERSION = YES;
				GCC_WARN_ABOUT_RETURN_TYPE = YES_ERROR;
				GCC_WARN_UNDECLARED_SELECTOR = YES;
				GCC_WARN_UNINITIALIZED_AUTOS = YES_AGGRESSIVE;
				GCC_WARN_UNUSED_FUNCTION = YES;
				GCC_WARN_UNUSED_VARIABLE = YES;
				IPHONEOS_DEPLOYMENT_TARGET = 14.3;
				MTL_ENABLE_DEBUG_INFO = INCLUDE_SOURCE;
				MTL_FAST_MATH = YES;
				ONLY_ACTIVE_ARCH = YES;
				SDKROOT = iphoneos;
				SWIFT_ACTIVE_COMPILATION_CONDITIONS = DEBUG;
				SWIFT_OPTIMIZATION_LEVEL = "-Onone";
			};
			name = Debug;
		};
		844FB13226E35551000CC7C8 /* Release */ = {
			isa = XCBuildConfiguration;
			buildSettings = {
				ALWAYS_SEARCH_USER_PATHS = NO;
				CLANG_ANALYZER_NONNULL = YES;
				CLANG_ANALYZER_NUMBER_OBJECT_CONVERSION = YES_AGGRESSIVE;
				CLANG_CXX_LANGUAGE_STANDARD = "gnu++14";
				CLANG_CXX_LIBRARY = "libc++";
				CLANG_ENABLE_MODULES = YES;
				CLANG_ENABLE_OBJC_ARC = YES;
				CLANG_ENABLE_OBJC_WEAK = YES;
				CLANG_WARN_BLOCK_CAPTURE_AUTORELEASING = YES;
				CLANG_WARN_BOOL_CONVERSION = YES;
				CLANG_WARN_COMMA = YES;
				CLANG_WARN_CONSTANT_CONVERSION = YES;
				CLANG_WARN_DEPRECATED_OBJC_IMPLEMENTATIONS = YES;
				CLANG_WARN_DIRECT_OBJC_ISA_USAGE = YES_ERROR;
				CLANG_WARN_DOCUMENTATION_COMMENTS = YES;
				CLANG_WARN_EMPTY_BODY = YES;
				CLANG_WARN_ENUM_CONVERSION = YES;
				CLANG_WARN_INFINITE_RECURSION = YES;
				CLANG_WARN_INT_CONVERSION = YES;
				CLANG_WARN_NON_LITERAL_NULL_CONVERSION = YES;
				CLANG_WARN_OBJC_IMPLICIT_RETAIN_SELF = YES;
				CLANG_WARN_OBJC_LITERAL_CONVERSION = YES;
				CLANG_WARN_OBJC_ROOT_CLASS = YES_ERROR;
				CLANG_WARN_QUOTED_INCLUDE_IN_FRAMEWORK_HEADER = YES;
				CLANG_WARN_RANGE_LOOP_ANALYSIS = YES;
				CLANG_WARN_STRICT_PROTOTYPES = YES;
				CLANG_WARN_SUSPICIOUS_MOVE = YES;
				CLANG_WARN_UNGUARDED_AVAILABILITY = YES_AGGRESSIVE;
				CLANG_WARN_UNREACHABLE_CODE = YES;
				CLANG_WARN__DUPLICATE_METHOD_MATCH = YES;
				COPY_PHASE_STRIP = NO;
				DEBUG_INFORMATION_FORMAT = "dwarf-with-dsym";
				ENABLE_NS_ASSERTIONS = NO;
				ENABLE_STRICT_OBJC_MSGSEND = YES;
				GCC_C_LANGUAGE_STANDARD = gnu11;
				GCC_NO_COMMON_BLOCKS = YES;
				GCC_WARN_64_TO_32_BIT_CONVERSION = YES;
				GCC_WARN_ABOUT_RETURN_TYPE = YES_ERROR;
				GCC_WARN_UNDECLARED_SELECTOR = YES;
				GCC_WARN_UNINITIALIZED_AUTOS = YES_AGGRESSIVE;
				GCC_WARN_UNUSED_FUNCTION = YES;
				GCC_WARN_UNUSED_VARIABLE = YES;
				IPHONEOS_DEPLOYMENT_TARGET = 14.3;
				MTL_ENABLE_DEBUG_INFO = NO;
				MTL_FAST_MATH = YES;
				SDKROOT = iphoneos;
				SWIFT_COMPILATION_MODE = wholemodule;
				SWIFT_OPTIMIZATION_LEVEL = "-O";
				VALIDATE_PRODUCT = YES;
			};
			name = Release;
		};
		844FB13426E35551000CC7C8 /* Debug */ = {
			isa = XCBuildConfiguration;
			baseConfigurationReference = 48161F60B5761AE54288200A /* Pods-Native_iOS.debug.xcconfig */;
			buildSettings = {
				ASSETCATALOG_COMPILER_APPICON_NAME = AppIcon;
				ASSETCATALOG_COMPILER_GLOBAL_ACCENT_COLOR_NAME = AccentColor;
				CODE_SIGN_STYLE = Automatic;
				INFOPLIST_FILE = Native_iOS/Info.plist;
				LD_RUNPATH_SEARCH_PATHS = (
					"$(inherited)",
					"@executable_path/Frameworks",
				);
				PRODUCT_BUNDLE_IDENTIFIER = "com.tsing.Native-iOS";
				PRODUCT_NAME = "$(TARGET_NAME)";
				SWIFT_VERSION = 5.0;
				TARGETED_DEVICE_FAMILY = "1,2";
			};
			name = Debug;
		};
		844FB13526E35551000CC7C8 /* Release */ = {
			isa = XCBuildConfiguration;
			baseConfigurationReference = 9D0AB92BA67D29D48B213494 /* Pods-Native_iOS.release.xcconfig */;
			buildSettings = {
				ASSETCATALOG_COMPILER_APPICON_NAME = AppIcon;
				ASSETCATALOG_COMPILER_GLOBAL_ACCENT_COLOR_NAME = AccentColor;
				CODE_SIGN_STYLE = Automatic;
				INFOPLIST_FILE = Native_iOS/Info.plist;
				LD_RUNPATH_SEARCH_PATHS = (
					"$(inherited)",
					"@executable_path/Frameworks",
				);
				PRODUCT_BUNDLE_IDENTIFIER = "com.tsing.Native-iOS";
				PRODUCT_NAME = "$(TARGET_NAME)";
				SWIFT_VERSION = 5.0;
				TARGETED_DEVICE_FAMILY = "1,2";
			};
			name = Release;
		};
/* End XCBuildConfiguration section */

/* Begin XCConfigurationList section */
		844FB11A26E3554F000CC7C8 /* Build configuration list for PBXProject "Native_iOS" */ = {
			isa = XCConfigurationList;
			buildConfigurations = (
				844FB13126E35551000CC7C8 /* Debug */,
				844FB13226E35551000CC7C8 /* Release */,
			);
			defaultConfigurationIsVisible = 0;
			defaultConfigurationName = Release;
		};
		844FB13326E35551000CC7C8 /* Build configuration list for PBXNativeTarget "Native_iOS" */ = {
			isa = XCConfigurationList;
			buildConfigurations = (
				844FB13426E35551000CC7C8 /* Debug */,
				844FB13526E35551000CC7C8 /* Release */,
			);
			defaultConfigurationIsVisible = 0;
			defaultConfigurationName = Release;
		};
/* End XCConfigurationList section */
	};
	rootObject = 844FB11726E3554F000CC7C8 /* Project object */;
}
